// !$*UTF8*$!
{
	archiveVersion = 1;
	classes = {
	};
	objectVersion = 46;
	objects = {

/* Begin PBXBuildFile section */
		A30E74E613A4FD000026ECFF /* README.md in Resources */ = {isa = PBXBuildFile; fileRef = A30E74E513A4FD000026ECFF /* README.md */; };
		A3497C0914C9E79500234ED9 /* feindura_Webmaster_ToolAppDelegate.m in Sources */ = {isa = PBXBuildFile; fileRef = A3497BAC14C9E79500234ED9 /* feindura_Webmaster_ToolAppDelegate.m */; };
		A3497C0A14C9E79500234ED9 /* FeinduraAccounts.m in Sources */ = {isa = PBXBuildFile; fileRef = A3497BAF14C9E79500234ED9 /* FeinduraAccounts.m */; };
		A3497C0B14C9E79500234ED9 /* NSString+MD5.m in Sources */ = {isa = PBXBuildFile; fileRef = A3497BB114C9E79500234ED9 /* NSString+MD5.m */; };
		A3497C0C14C9E79500234ED9 /* TableHelperClass.m in Sources */ = {isa = PBXBuildFile; fileRef = A3497BB314C9E79500234ED9 /* TableHelperClass.m */; };
		A3497C0F14C9E79500234ED9 /* default.icon.png in Resources */ = {isa = PBXBuildFile; fileRef = A3497BB714C9E79500234ED9 /* default.icon.png */; };
		A3497C1014C9E79500234ED9 /* failed.icon.png in Resources */ = {isa = PBXBuildFile; fileRef = A3497BB814C9E79500234ED9 /* failed.icon.png */; };
		A3497C1114C9E79500234ED9 /* MainWindow.xib in Resources */ = {isa = PBXBuildFile; fileRef = A3497BB914C9E79500234ED9 /* MainWindow.xib */; };
		A3497C1214C9E79500234ED9 /* FeinduraAccountViewController.m in Sources */ = {isa = PBXBuildFile; fileRef = A3497BBC14C9E79500234ED9 /* FeinduraAccountViewController.m */; };
		A3497C1314C9E79500234ED9 /* FeinduraAccountViewController.xib in Resources */ = {isa = PBXBuildFile; fileRef = A3497BBD14C9E79500234ED9 /* FeinduraAccountViewController.xib */; };
		A3497C1414C9E79500234ED9 /* NavigationController.m in Sources */ = {isa = PBXBuildFile; fileRef = A3497BBF14C9E79500234ED9 /* NavigationController.m */; };
		A3497C1514C9E79500234ED9 /* Localizable.strings in Resources */ = {isa = PBXBuildFile; fileRef = A3497BC114C9E79500234ED9 /* Localizable.strings */; };
		A3497C1614C9E79500234ED9 /* feindura Webmaster App-Info.plist in Resources */ = {isa = PBXBuildFile; fileRef = A3497BC414C9E79500234ED9 /* feindura Webmaster App-Info.plist */; };
		A3497C1714C9E79500234ED9 /* InfoPlist.strings in Resources */ = {isa = PBXBuildFile; fileRef = A3497BC714C9E79500234ED9 /* InfoPlist.strings */; };
		A3497C1814C9E79500234ED9 /* main.m in Sources */ = {isa = PBXBuildFile; fileRef = A3497BC814C9E79500234ED9 /* main.m */; };
		A3497C1914C9E79500234ED9 /* settings.plist in Resources */ = {isa = PBXBuildFile; fileRef = A3497BC914C9E79500234ED9 /* settings.plist */; };
		A3497C1A14C9E79500234ED9 /* DetailStatsViewController.m in Sources */ = {isa = PBXBuildFile; fileRef = A3497BCC14C9E79500234ED9 /* DetailStatsViewController.m */; };
		A3497C1B14C9E79500234ED9 /* DetailStatsViewController.xib in Resources */ = {isa = PBXBuildFile; fileRef = A3497BCD14C9E79500234ED9 /* DetailStatsViewController.xib */; };
		A3497C1C14C9E79500234ED9 /* RootViewController.m in Sources */ = {isa = PBXBuildFile; fileRef = A3497BCF14C9E79500234ED9 /* RootViewController.m */; };
		A3497C1D14C9E79500234ED9 /* RootViewController.xib in Resources */ = {isa = PBXBuildFile; fileRef = A3497BD014C9E79500234ED9 /* RootViewController.xib */; };
		A3497C1E14C9E79500234ED9 /* ASIAuthenticationDialog.m in Sources */ = {isa = PBXBuildFile; fileRef = A3497BD414C9E79500234ED9 /* ASIAuthenticationDialog.m */; };
		A3497C1F14C9E79500234ED9 /* ASIDataCompressor.m in Sources */ = {isa = PBXBuildFile; fileRef = A3497BD714C9E79500234ED9 /* ASIDataCompressor.m */; };
		A3497C2014C9E79500234ED9 /* ASIDataDecompressor.m in Sources */ = {isa = PBXBuildFile; fileRef = A3497BD914C9E79500234ED9 /* ASIDataDecompressor.m */; };
		A3497C2114C9E79500234ED9 /* ASIDownloadCache.m in Sources */ = {isa = PBXBuildFile; fileRef = A3497BDB14C9E79500234ED9 /* ASIDownloadCache.m */; };
		A3497C2214C9E79500234ED9 /* ASIFormDataRequest.m in Sources */ = {isa = PBXBuildFile; fileRef = A3497BDD14C9E79500234ED9 /* ASIFormDataRequest.m */; };
		A3497C2314C9E79500234ED9 /* ASIHTTPRequest.m in Sources */ = {isa = PBXBuildFile; fileRef = A3497BDF14C9E79500234ED9 /* ASIHTTPRequest.m */; };
		A3497C2414C9E79500234ED9 /* ASIInputStream.m in Sources */ = {isa = PBXBuildFile; fileRef = A3497BE314C9E79500234ED9 /* ASIInputStream.m */; };
		A3497C2514C9E79500234ED9 /* ASINetworkQueue.m in Sources */ = {isa = PBXBuildFile; fileRef = A3497BE514C9E79500234ED9 /* ASINetworkQueue.m */; };
		A3497C2614C9E79500234ED9 /* Reachability.m in Sources */ = {isa = PBXBuildFile; fileRef = A3497BE914C9E79500234ED9 /* Reachability.m */; };
		A3497C2714C9E79500234ED9 /* NSObject+SBJson.m in Sources */ = {isa = PBXBuildFile; fileRef = A3497BED14C9E79500234ED9 /* NSObject+SBJson.m */; };
		A3497C2814C9E79500234ED9 /* SBJsonParser.m in Sources */ = {isa = PBXBuildFile; fileRef = A3497BF014C9E79500234ED9 /* SBJsonParser.m */; };
		A3497C2914C9E79500234ED9 /* SBJsonStreamParser.m in Sources */ = {isa = PBXBuildFile; fileRef = A3497BF214C9E79500234ED9 /* SBJsonStreamParser.m */; };
		A3497C2A14C9E79500234ED9 /* SBJsonStreamParserAccumulator.m in Sources */ = {isa = PBXBuildFile; fileRef = A3497BF414C9E79500234ED9 /* SBJsonStreamParserAccumulator.m */; };
		A3497C2B14C9E79500234ED9 /* SBJsonStreamParserAdapter.m in Sources */ = {isa = PBXBuildFile; fileRef = A3497BF614C9E79500234ED9 /* SBJsonStreamParserAdapter.m */; };
		A3497C2C14C9E79500234ED9 /* SBJsonStreamParserState.m in Sources */ = {isa = PBXBuildFile; fileRef = A3497BF814C9E79500234ED9 /* SBJsonStreamParserState.m */; };
		A3497C2D14C9E79500234ED9 /* SBJsonStreamWriter.m in Sources */ = {isa = PBXBuildFile; fileRef = A3497BFA14C9E79500234ED9 /* SBJsonStreamWriter.m */; };
		A3497C2E14C9E79500234ED9 /* SBJsonStreamWriterAccumulator.m in Sources */ = {isa = PBXBuildFile; fileRef = A3497BFC14C9E79500234ED9 /* SBJsonStreamWriterAccumulator.m */; };
		A3497C2F14C9E79500234ED9 /* SBJsonStreamWriterState.m in Sources */ = {isa = PBXBuildFile; fileRef = A3497BFE14C9E79500234ED9 /* SBJsonStreamWriterState.m */; };
		A3497C3014C9E79500234ED9 /* SBJsonTokeniser.m in Sources */ = {isa = PBXBuildFile; fileRef = A3497C0014C9E79500234ED9 /* SBJsonTokeniser.m */; };
		A3497C3114C9E79500234ED9 /* SBJsonUTF8Stream.m in Sources */ = {isa = PBXBuildFile; fileRef = A3497C0214C9E79500234ED9 /* SBJsonUTF8Stream.m */; };
		A3497C3214C9E79500234ED9 /* SBJsonWriter.m in Sources */ = {isa = PBXBuildFile; fileRef = A3497C0414C9E79500234ED9 /* SBJsonWriter.m */; };
		A3497C3314C9E79500234ED9 /* SFHFKeychainUtils.m in Sources */ = {isa = PBXBuildFile; fileRef = A3497C0614C9E79500234ED9 /* SFHFKeychainUtils.m */; };
		A3497C3814C9E7D800234ED9 /* Default.png in Resources */ = {isa = PBXBuildFile; fileRef = A3497C3414C9E7D800234ED9 /* Default.png */; };
		A3497C3914C9E7D800234ED9 /* Default@2x.png in Resources */ = {isa = PBXBuildFile; fileRef = A3497C3514C9E7D800234ED9 /* Default@2x.png */; };
		A3497C3A14C9E7D800234ED9 /* icon.png in Resources */ = {isa = PBXBuildFile; fileRef = A3497C3614C9E7D800234ED9 /* icon.png */; };
		A3497C3B14C9E7D800234ED9 /* icon@2x.png in Resources */ = {isa = PBXBuildFile; fileRef = A3497C3714C9E7D800234ED9 /* icon@2x.png */; };
		A3497C5214C9E91500234ED9 /* feindura_Webmaster_ToolTests.m in Sources */ = {isa = PBXBuildFile; fileRef = A3497C4B14C9E91400234ED9 /* feindura_Webmaster_ToolTests.m */; };
		A3497C5314C9E91500234ED9 /* InfoPlist.strings in Resources */ = {isa = PBXBuildFile; fileRef = A3497C4D14C9E91400234ED9 /* InfoPlist.strings */; };
		A3497C5414C9E91500234ED9 /* feindura Webmaster AppTests-Info.plist in Resources */ = {isa = PBXBuildFile; fileRef = A3497C4F14C9E91400234ED9 /* feindura Webmaster AppTests-Info.plist */; };
		A3497C5514C9E91500234ED9 /* InfoPlist.strings in Resources */ = {isa = PBXBuildFile; fileRef = A3497C5114C9E91400234ED9 /* InfoPlist.strings */; };
		A362C7D114C8F78C00B64FD3 /* libz.1.2.5.dylib in Frameworks */ = {isa = PBXBuildFile; fileRef = A362C7D014C8F78C00B64FD3 /* libz.1.2.5.dylib */; };
		A390809913B228F700F26A6C /* Security.framework in Frameworks */ = {isa = PBXBuildFile; fileRef = A390809813B228F700F26A6C /* Security.framework */; };
		A393671413B0A77800ADBD73 /* CFNetwork.framework in Frameworks */ = {isa = PBXBuildFile; fileRef = A393671313B0A77800ADBD73 /* CFNetwork.framework */; };
		A393671613B0A78200ADBD73 /* SystemConfiguration.framework in Frameworks */ = {isa = PBXBuildFile; fileRef = A393671513B0A78200ADBD73 /* SystemConfiguration.framework */; };
		A393671813B0A78B00ADBD73 /* MobileCoreServices.framework in Frameworks */ = {isa = PBXBuildFile; fileRef = A393671713B0A78B00ADBD73 /* MobileCoreServices.framework */; };
		A3AB892D13A4D42F0025FE50 /* UIKit.framework in Frameworks */ = {isa = PBXBuildFile; fileRef = A3AB892C13A4D42F0025FE50 /* UIKit.framework */; };
		A3AB892F13A4D42F0025FE50 /* Foundation.framework in Frameworks */ = {isa = PBXBuildFile; fileRef = A3AB892E13A4D42F0025FE50 /* Foundation.framework */; };
		A3AB893113A4D42F0025FE50 /* CoreGraphics.framework in Frameworks */ = {isa = PBXBuildFile; fileRef = A3AB893013A4D42F0025FE50 /* CoreGraphics.framework */; };
		A3AB894D13A4D4300025FE50 /* UIKit.framework in Frameworks */ = {isa = PBXBuildFile; fileRef = A3AB892C13A4D42F0025FE50 /* UIKit.framework */; };
		A3AB894E13A4D4300025FE50 /* Foundation.framework in Frameworks */ = {isa = PBXBuildFile; fileRef = A3AB892E13A4D42F0025FE50 /* Foundation.framework */; };
		A3AB894F13A4D4300025FE50 /* CoreGraphics.framework in Frameworks */ = {isa = PBXBuildFile; fileRef = A3AB893013A4D42F0025FE50 /* CoreGraphics.framework */; };
/* End PBXBuildFile section */

/* Begin PBXContainerItemProxy section */
		A3AB895013A4D4300025FE50 /* PBXContainerItemProxy */ = {
			isa = PBXContainerItemProxy;
			containerPortal = A3AB891F13A4D42F0025FE50 /* Project object */;
			proxyType = 1;
			remoteGlobalIDString = A3AB892713A4D42F0025FE50;
			remoteInfo = "feindura Webmaster Tool";
		};
/* End PBXContainerItemProxy section */

/* Begin PBXFileReference section */
		A30E74E513A4FD000026ECFF /* README.md */ = {isa = PBXFileReference; fileEncoding = 4; lastKnownFileType = text; path = README.md; sourceTree = "<group>"; };
		A3497BAB14C9E79500234ED9 /* feindura_Webmaster_ToolAppDelegate.h */ = {isa = PBXFileReference; fileEncoding = 4; lastKnownFileType = sourcecode.c.h; path = feindura_Webmaster_ToolAppDelegate.h; sourceTree = "<group>"; };
		A3497BAC14C9E79500234ED9 /* feindura_Webmaster_ToolAppDelegate.m */ = {isa = PBXFileReference; fileEncoding = 4; lastKnownFileType = sourcecode.c.objc; path = feindura_Webmaster_ToolAppDelegate.m; sourceTree = "<group>"; };
		A3497BAE14C9E79500234ED9 /* FeinduraAccounts.h */ = {isa = PBXFileReference; fileEncoding = 4; lastKnownFileType = sourcecode.c.h; path = FeinduraAccounts.h; sourceTree = "<group>"; };
		A3497BAF14C9E79500234ED9 /* FeinduraAccounts.m */ = {isa = PBXFileReference; fileEncoding = 4; lastKnownFileType = sourcecode.c.objc; path = FeinduraAccounts.m; sourceTree = "<group>"; };
		A3497BB014C9E79500234ED9 /* NSString+MD5.h */ = {isa = PBXFileReference; fileEncoding = 4; lastKnownFileType = sourcecode.c.h; path = "NSString+MD5.h"; sourceTree = "<group>"; };
		A3497BB114C9E79500234ED9 /* NSString+MD5.m */ = {isa = PBXFileReference; fileEncoding = 4; lastKnownFileType = sourcecode.c.objc; path = "NSString+MD5.m"; sourceTree = "<group>"; };
		A3497BB214C9E79500234ED9 /* TableHelperClass.h */ = {isa = PBXFileReference; fileEncoding = 4; lastKnownFileType = sourcecode.c.h; path = TableHelperClass.h; sourceTree = "<group>"; };
		A3497BB314C9E79500234ED9 /* TableHelperClass.m */ = {isa = PBXFileReference; fileEncoding = 4; lastKnownFileType = sourcecode.c.objc; path = TableHelperClass.m; sourceTree = "<group>"; };
		A3497BB714C9E79500234ED9 /* default.icon.png */ = {isa = PBXFileReference; lastKnownFileType = image.png; path = default.icon.png; sourceTree = "<group>"; };
		A3497BB814C9E79500234ED9 /* failed.icon.png */ = {isa = PBXFileReference; lastKnownFileType = image.png; path = failed.icon.png; sourceTree = "<group>"; };
		A3497BB914C9E79500234ED9 /* MainWindow.xib */ = {isa = PBXFileReference; fileEncoding = 4; lastKnownFileType = file.xib; path = MainWindow.xib; sourceTree = "<group>"; };
		A3497BBB14C9E79500234ED9 /* FeinduraAccountViewController.h */ = {isa = PBXFileReference; fileEncoding = 4; lastKnownFileType = sourcecode.c.h; path = FeinduraAccountViewController.h; sourceTree = "<group>"; };
		A3497BBC14C9E79500234ED9 /* FeinduraAccountViewController.m */ = {isa = PBXFileReference; fileEncoding = 4; lastKnownFileType = sourcecode.c.objc; path = FeinduraAccountViewController.m; sourceTree = "<group>"; };
		A3497BBD14C9E79500234ED9 /* FeinduraAccountViewController.xib */ = {isa = PBXFileReference; fileEncoding = 4; lastKnownFileType = file.xib; path = FeinduraAccountViewController.xib; sourceTree = "<group>"; };
		A3497BBE14C9E79500234ED9 /* NavigationController.h */ = {isa = PBXFileReference; fileEncoding = 4; lastKnownFileType = sourcecode.c.h; path = NavigationController.h; sourceTree = "<group>"; };
		A3497BBF14C9E79500234ED9 /* NavigationController.m */ = {isa = PBXFileReference; fileEncoding = 4; lastKnownFileType = sourcecode.c.objc; path = NavigationController.m; sourceTree = "<group>"; };
		A3497BC214C9E79500234ED9 /* de */ = {isa = PBXFileReference; lastKnownFileType = text.plist.strings; name = de; path = de.lproj/Localizable.strings; sourceTree = "<group>"; };
		A3497BC314C9E79500234ED9 /* en */ = {isa = PBXFileReference; lastKnownFileType = text.plist.strings; name = en; path = en.lproj/Localizable.strings; sourceTree = "<group>"; };
		A3497BC414C9E79500234ED9 /* feindura Webmaster App-Info.plist */ = {isa = PBXFileReference; fileEncoding = 4; lastKnownFileType = text.plist.xml; path = "feindura Webmaster App-Info.plist"; sourceTree = "<group>"; };
		A3497BC514C9E79500234ED9 /* feindura Webmaster App-Prefix.pch */ = {isa = PBXFileReference; fileEncoding = 4; lastKnownFileType = sourcecode.c.h; path = "feindura Webmaster App-Prefix.pch"; sourceTree = "<group>"; };
		A3497BC614C9E79500234ED9 /* fr */ = {isa = PBXFileReference; lastKnownFileType = text.plist.strings; name = fr; path = fr.lproj/Localizable.strings; sourceTree = "<group>"; };
		A3497BC714C9E79500234ED9 /* InfoPlist.strings */ = {isa = PBXFileReference; fileEncoding = 4; lastKnownFileType = text.plist.strings; path = InfoPlist.strings; sourceTree = "<group>"; };
		A3497BC814C9E79500234ED9 /* main.m */ = {isa = PBXFileReference; fileEncoding = 4; lastKnownFileType = sourcecode.c.objc; path = main.m; sourceTree = "<group>"; };
		A3497BC914C9E79500234ED9 /* settings.plist */ = {isa = PBXFileReference; fileEncoding = 4; lastKnownFileType = text.plist.xml; path = settings.plist; sourceTree = "<group>"; };
		A3497BCB14C9E79500234ED9 /* DetailStatsViewController.h */ = {isa = PBXFileReference; fileEncoding = 4; lastKnownFileType = sourcecode.c.h; path = DetailStatsViewController.h; sourceTree = "<group>"; };
		A3497BCC14C9E79500234ED9 /* DetailStatsViewController.m */ = {isa = PBXFileReference; fileEncoding = 4; lastKnownFileType = sourcecode.c.objc; path = DetailStatsViewController.m; sourceTree = "<group>"; };
		A3497BCD14C9E79500234ED9 /* DetailStatsViewController.xib */ = {isa = PBXFileReference; fileEncoding = 4; lastKnownFileType = file.xib; path = DetailStatsViewController.xib; sourceTree = "<group>"; };
		A3497BCE14C9E79500234ED9 /* RootViewController.h */ = {isa = PBXFileReference; fileEncoding = 4; lastKnownFileType = sourcecode.c.h; path = RootViewController.h; sourceTree = "<group>"; };
		A3497BCF14C9E79500234ED9 /* RootViewController.m */ = {isa = PBXFileReference; fileEncoding = 4; lastKnownFileType = sourcecode.c.objc; path = RootViewController.m; sourceTree = "<group>"; };
		A3497BD014C9E79500234ED9 /* RootViewController.xib */ = {isa = PBXFileReference; fileEncoding = 4; lastKnownFileType = file.xib; path = RootViewController.xib; sourceTree = "<group>"; };
		A3497BD314C9E79500234ED9 /* ASIAuthenticationDialog.h */ = {isa = PBXFileReference; fileEncoding = 4; lastKnownFileType = sourcecode.c.h; path = ASIAuthenticationDialog.h; sourceTree = "<group>"; };
		A3497BD414C9E79500234ED9 /* ASIAuthenticationDialog.m */ = {isa = PBXFileReference; fileEncoding = 4; lastKnownFileType = sourcecode.c.objc; path = ASIAuthenticationDialog.m; sourceTree = "<group>"; };
		A3497BD514C9E79500234ED9 /* ASICacheDelegate.h */ = {isa = PBXFileReference; fileEncoding = 4; lastKnownFileType = sourcecode.c.h; path = ASICacheDelegate.h; sourceTree = "<group>"; };
		A3497BD614C9E79500234ED9 /* ASIDataCompressor.h */ = {isa = PBXFileReference; fileEncoding = 4; lastKnownFileType = sourcecode.c.h; path = ASIDataCompressor.h; sourceTree = "<group>"; };
		A3497BD714C9E79500234ED9 /* ASIDataCompressor.m */ = {isa = PBXFileReference; fileEncoding = 4; lastKnownFileType = sourcecode.c.objc; path = ASIDataCompressor.m; sourceTree = "<group>"; };
		A3497BD814C9E79500234ED9 /* ASIDataDecompressor.h */ = {isa = PBXFileReference; fileEncoding = 4; lastKnownFileType = sourcecode.c.h; path = ASIDataDecompressor.h; sourceTree = "<group>"; };
		A3497BD914C9E79500234ED9 /* ASIDataDecompressor.m */ = {isa = PBXFileReference; fileEncoding = 4; lastKnownFileType = sourcecode.c.objc; path = ASIDataDecompressor.m; sourceTree = "<group>"; };
		A3497BDA14C9E79500234ED9 /* ASIDownloadCache.h */ = {isa = PBXFileReference; fileEncoding = 4; lastKnownFileType = sourcecode.c.h; path = ASIDownloadCache.h; sourceTree = "<group>"; };
		A3497BDB14C9E79500234ED9 /* ASIDownloadCache.m */ = {isa = PBXFileReference; fileEncoding = 4; lastKnownFileType = sourcecode.c.objc; path = ASIDownloadCache.m; sourceTree = "<group>"; };
		A3497BDC14C9E79500234ED9 /* ASIFormDataRequest.h */ = {isa = PBXFileReference; fileEncoding = 4; lastKnownFileType = sourcecode.c.h; path = ASIFormDataRequest.h; sourceTree = "<group>"; };
		A3497BDD14C9E79500234ED9 /* ASIFormDataRequest.m */ = {isa = PBXFileReference; fileEncoding = 4; lastKnownFileType = sourcecode.c.objc; path = ASIFormDataRequest.m; sourceTree = "<group>"; };
		A3497BDE14C9E79500234ED9 /* ASIHTTPRequest.h */ = {isa = PBXFileReference; fileEncoding = 4; lastKnownFileType = sourcecode.c.h; path = ASIHTTPRequest.h; sourceTree = "<group>"; };
		A3497BDF14C9E79500234ED9 /* ASIHTTPRequest.m */ = {isa = PBXFileReference; fileEncoding = 4; lastKnownFileType = sourcecode.c.objc; path = ASIHTTPRequest.m; sourceTree = "<group>"; };
		A3497BE014C9E79500234ED9 /* ASIHTTPRequestConfig.h */ = {isa = PBXFileReference; fileEncoding = 4; lastKnownFileType = sourcecode.c.h; path = ASIHTTPRequestConfig.h; sourceTree = "<group>"; };
		A3497BE114C9E79500234ED9 /* ASIHTTPRequestDelegate.h */ = {isa = PBXFileReference; fileEncoding = 4; lastKnownFileType = sourcecode.c.h; path = ASIHTTPRequestDelegate.h; sourceTree = "<group>"; };
		A3497BE214C9E79500234ED9 /* ASIInputStream.h */ = {isa = PBXFileReference; fileEncoding = 4; lastKnownFileType = sourcecode.c.h; path = ASIInputStream.h; sourceTree = "<group>"; };
		A3497BE314C9E79500234ED9 /* ASIInputStream.m */ = {isa = PBXFileReference; fileEncoding = 4; lastKnownFileType = sourcecode.c.objc; path = ASIInputStream.m; sourceTree = "<group>"; };
		A3497BE414C9E79500234ED9 /* ASINetworkQueue.h */ = {isa = PBXFileReference; fileEncoding = 4; lastKnownFileType = sourcecode.c.h; path = ASINetworkQueue.h; sourceTree = "<group>"; };
		A3497BE514C9E79500234ED9 /* ASINetworkQueue.m */ = {isa = PBXFileReference; fileEncoding = 4; lastKnownFileType = sourcecode.c.objc; path = ASINetworkQueue.m; sourceTree = "<group>"; };
		A3497BE614C9E79500234ED9 /* ASIProgressDelegate.h */ = {isa = PBXFileReference; fileEncoding = 4; lastKnownFileType = sourcecode.c.h; path = ASIProgressDelegate.h; sourceTree = "<group>"; };
		A3497BE814C9E79500234ED9 /* Reachability.h */ = {isa = PBXFileReference; fileEncoding = 4; lastKnownFileType = sourcecode.c.h; path = Reachability.h; sourceTree = "<group>"; };
		A3497BE914C9E79500234ED9 /* Reachability.m */ = {isa = PBXFileReference; fileEncoding = 4; lastKnownFileType = sourcecode.c.objc; path = Reachability.m; sourceTree = "<group>"; };
		A3497BEB14C9E79500234ED9 /* JSON.h */ = {isa = PBXFileReference; fileEncoding = 4; lastKnownFileType = sourcecode.c.h; path = JSON.h; sourceTree = "<group>"; };
		A3497BEC14C9E79500234ED9 /* NSObject+SBJson.h */ = {isa = PBXFileReference; fileEncoding = 4; lastKnownFileType = sourcecode.c.h; path = "NSObject+SBJson.h"; sourceTree = "<group>"; };
		A3497BED14C9E79500234ED9 /* NSObject+SBJson.m */ = {isa = PBXFileReference; fileEncoding = 4; lastKnownFileType = sourcecode.c.objc; path = "NSObject+SBJson.m"; sourceTree = "<group>"; };
		A3497BEE14C9E79500234ED9 /* SBJson.h */ = {isa = PBXFileReference; fileEncoding = 4; lastKnownFileType = sourcecode.c.h; path = SBJson.h; sourceTree = "<group>"; };
		A3497BEF14C9E79500234ED9 /* SBJsonParser.h */ = {isa = PBXFileReference; fileEncoding = 4; lastKnownFileType = sourcecode.c.h; path = SBJsonParser.h; sourceTree = "<group>"; };
		A3497BF014C9E79500234ED9 /* SBJsonParser.m */ = {isa = PBXFileReference; fileEncoding = 4; lastKnownFileType = sourcecode.c.objc; path = SBJsonParser.m; sourceTree = "<group>"; };
		A3497BF114C9E79500234ED9 /* SBJsonStreamParser.h */ = {isa = PBXFileReference; fileEncoding = 4; lastKnownFileType = sourcecode.c.h; path = SBJsonStreamParser.h; sourceTree = "<group>"; };
		A3497BF214C9E79500234ED9 /* SBJsonStreamParser.m */ = {isa = PBXFileReference; fileEncoding = 4; lastKnownFileType = sourcecode.c.objc; path = SBJsonStreamParser.m; sourceTree = "<group>"; };
		A3497BF314C9E79500234ED9 /* SBJsonStreamParserAccumulator.h */ = {isa = PBXFileReference; fileEncoding = 4; lastKnownFileType = sourcecode.c.h; path = SBJsonStreamParserAccumulator.h; sourceTree = "<group>"; };
		A3497BF414C9E79500234ED9 /* SBJsonStreamParserAccumulator.m */ = {isa = PBXFileReference; fileEncoding = 4; lastKnownFileType = sourcecode.c.objc; path = SBJsonStreamParserAccumulator.m; sourceTree = "<group>"; };
		A3497BF514C9E79500234ED9 /* SBJsonStreamParserAdapter.h */ = {isa = PBXFileReference; fileEncoding = 4; lastKnownFileType = sourcecode.c.h; path = SBJsonStreamParserAdapter.h; sourceTree = "<group>"; };
		A3497BF614C9E79500234ED9 /* SBJsonStreamParserAdapter.m */ = {isa = PBXFileReference; fileEncoding = 4; lastKnownFileType = sourcecode.c.objc; path = SBJsonStreamParserAdapter.m; sourceTree = "<group>"; };
		A3497BF714C9E79500234ED9 /* SBJsonStreamParserState.h */ = {isa = PBXFileReference; fileEncoding = 4; lastKnownFileType = sourcecode.c.h; path = SBJsonStreamParserState.h; sourceTree = "<group>"; };
		A3497BF814C9E79500234ED9 /* SBJsonStreamParserState.m */ = {isa = PBXFileReference; fileEncoding = 4; lastKnownFileType = sourcecode.c.objc; path = SBJsonStreamParserState.m; sourceTree = "<group>"; };
		A3497BF914C9E79500234ED9 /* SBJsonStreamWriter.h */ = {isa = PBXFileReference; fileEncoding = 4; lastKnownFileType = sourcecode.c.h; path = SBJsonStreamWriter.h; sourceTree = "<group>"; };
		A3497BFA14C9E79500234ED9 /* SBJsonStreamWriter.m */ = {isa = PBXFileReference; fileEncoding = 4; lastKnownFileType = sourcecode.c.objc; path = SBJsonStreamWriter.m; sourceTree = "<group>"; };
		A3497BFB14C9E79500234ED9 /* SBJsonStreamWriterAccumulator.h */ = {isa = PBXFileReference; fileEncoding = 4; lastKnownFileType = sourcecode.c.h; path = SBJsonStreamWriterAccumulator.h; sourceTree = "<group>"; };
		A3497BFC14C9E79500234ED9 /* SBJsonStreamWriterAccumulator.m */ = {isa = PBXFileReference; fileEncoding = 4; lastKnownFileType = sourcecode.c.objc; path = SBJsonStreamWriterAccumulator.m; sourceTree = "<group>"; };
		A3497BFD14C9E79500234ED9 /* SBJsonStreamWriterState.h */ = {isa = PBXFileReference; fileEncoding = 4; lastKnownFileType = sourcecode.c.h; path = SBJsonStreamWriterState.h; sourceTree = "<group>"; };
		A3497BFE14C9E79500234ED9 /* SBJsonStreamWriterState.m */ = {isa = PBXFileReference; fileEncoding = 4; lastKnownFileType = sourcecode.c.objc; path = SBJsonStreamWriterState.m; sourceTree = "<group>"; };
		A3497BFF14C9E79500234ED9 /* SBJsonTokeniser.h */ = {isa = PBXFileReference; fileEncoding = 4; lastKnownFileType = sourcecode.c.h; path = SBJsonTokeniser.h; sourceTree = "<group>"; };
		A3497C0014C9E79500234ED9 /* SBJsonTokeniser.m */ = {isa = PBXFileReference; fileEncoding = 4; lastKnownFileType = sourcecode.c.objc; path = SBJsonTokeniser.m; sourceTree = "<group>"; };
		A3497C0114C9E79500234ED9 /* SBJsonUTF8Stream.h */ = {isa = PBXFileReference; fileEncoding = 4; lastKnownFileType = sourcecode.c.h; path = SBJsonUTF8Stream.h; sourceTree = "<group>"; };
		A3497C0214C9E79500234ED9 /* SBJsonUTF8Stream.m */ = {isa = PBXFileReference; fileEncoding = 4; lastKnownFileType = sourcecode.c.objc; path = SBJsonUTF8Stream.m; sourceTree = "<group>"; };
		A3497C0314C9E79500234ED9 /* SBJsonWriter.h */ = {isa = PBXFileReference; fileEncoding = 4; lastKnownFileType = sourcecode.c.h; path = SBJsonWriter.h; sourceTree = "<group>"; };
		A3497C0414C9E79500234ED9 /* SBJsonWriter.m */ = {isa = PBXFileReference; fileEncoding = 4; lastKnownFileType = sourcecode.c.objc; path = SBJsonWriter.m; sourceTree = "<group>"; };
		A3497C0514C9E79500234ED9 /* SFHFKeychainUtils.h */ = {isa = PBXFileReference; fileEncoding = 4; lastKnownFileType = sourcecode.c.h; path = SFHFKeychainUtils.h; sourceTree = "<group>"; };
		A3497C0614C9E79500234ED9 /* SFHFKeychainUtils.m */ = {isa = PBXFileReference; fileEncoding = 4; lastKnownFileType = sourcecode.c.objc; path = SFHFKeychainUtils.m; sourceTree = "<group>"; };
		A3497C3414C9E7D800234ED9 /* Default.png */ = {isa = PBXFileReference; lastKnownFileType = image.png; path = Default.png; sourceTree = "<group>"; };
		A3497C3514C9E7D800234ED9 /* Default@2x.png */ = {isa = PBXFileReference; lastKnownFileType = image.png; path = "Default@2x.png"; sourceTree = "<group>"; };
		A3497C3614C9E7D800234ED9 /* icon.png */ = {isa = PBXFileReference; lastKnownFileType = image.png; path = icon.png; sourceTree = "<group>"; };
		A3497C3714C9E7D800234ED9 /* icon@2x.png */ = {isa = PBXFileReference; lastKnownFileType = image.png; path = "icon@2x.png"; sourceTree = "<group>"; };
		A3497C4A14C9E91400234ED9 /* feindura_Webmaster_ToolTests.h */ = {isa = PBXFileReference; fileEncoding = 4; lastKnownFileType = sourcecode.c.h; path = feindura_Webmaster_ToolTests.h; sourceTree = "<group>"; };
		A3497C4B14C9E91400234ED9 /* feindura_Webmaster_ToolTests.m */ = {isa = PBXFileReference; fileEncoding = 4; lastKnownFileType = sourcecode.c.objc; path = feindura_Webmaster_ToolTests.m; sourceTree = "<group>"; };
		A3497C4E14C9E91400234ED9 /* en */ = {isa = PBXFileReference; lastKnownFileType = text.plist.strings; name = en; path = en.lproj/InfoPlist.strings; sourceTree = "<group>"; };
		A3497C4F14C9E91400234ED9 /* feindura Webmaster AppTests-Info.plist */ = {isa = PBXFileReference; fileEncoding = 4; lastKnownFileType = text.plist.xml; path = "feindura Webmaster AppTests-Info.plist"; sourceTree = "<group>"; };
		A3497C5014C9E91400234ED9 /* feindura Webmaster AppTests-Prefix.pch */ = {isa = PBXFileReference; fileEncoding = 4; lastKnownFileType = sourcecode.c.h; path = "feindura Webmaster AppTests-Prefix.pch"; sourceTree = "<group>"; };
		A3497C5114C9E91400234ED9 /* InfoPlist.strings */ = {isa = PBXFileReference; fileEncoding = 4; lastKnownFileType = text.plist.strings; path = InfoPlist.strings; sourceTree = "<group>"; };
		A362C7D014C8F78C00B64FD3 /* libz.1.2.5.dylib */ = {isa = PBXFileReference; lastKnownFileType = "compiled.mach-o.dylib"; name = libz.1.2.5.dylib; path = usr/lib/libz.1.2.5.dylib; sourceTree = SDKROOT; };
		A390809813B228F700F26A6C /* Security.framework */ = {isa = PBXFileReference; lastKnownFileType = wrapper.framework; name = Security.framework; path = System/Library/Frameworks/Security.framework; sourceTree = SDKROOT; };
		A393671313B0A77800ADBD73 /* CFNetwork.framework */ = {isa = PBXFileReference; lastKnownFileType = wrapper.framework; name = CFNetwork.framework; path = System/Library/Frameworks/CFNetwork.framework; sourceTree = SDKROOT; };
		A393671513B0A78200ADBD73 /* SystemConfiguration.framework */ = {isa = PBXFileReference; lastKnownFileType = wrapper.framework; name = SystemConfiguration.framework; path = System/Library/Frameworks/SystemConfiguration.framework; sourceTree = SDKROOT; };
		A393671713B0A78B00ADBD73 /* MobileCoreServices.framework */ = {isa = PBXFileReference; lastKnownFileType = wrapper.framework; name = MobileCoreServices.framework; path = System/Library/Frameworks/MobileCoreServices.framework; sourceTree = SDKROOT; };
		A393671913B0A79800ADBD73 /* CoreGraphics.framework */ = {isa = PBXFileReference; lastKnownFileType = wrapper.framework; name = CoreGraphics.framework; path = System/Library/Frameworks/CoreGraphics.framework; sourceTree = SDKROOT; };
		A3AB892813A4D42F0025FE50 /* feindura Webmaster App.app */ = {isa = PBXFileReference; explicitFileType = wrapper.application; includeInIndex = 0; path = "feindura Webmaster App.app"; sourceTree = BUILT_PRODUCTS_DIR; };
		A3AB892C13A4D42F0025FE50 /* UIKit.framework */ = {isa = PBXFileReference; lastKnownFileType = wrapper.framework; name = UIKit.framework; path = System/Library/Frameworks/UIKit.framework; sourceTree = SDKROOT; };
		A3AB892E13A4D42F0025FE50 /* Foundation.framework */ = {isa = PBXFileReference; lastKnownFileType = wrapper.framework; name = Foundation.framework; path = System/Library/Frameworks/Foundation.framework; sourceTree = SDKROOT; };
		A3AB893013A4D42F0025FE50 /* CoreGraphics.framework */ = {isa = PBXFileReference; lastKnownFileType = wrapper.framework; name = CoreGraphics.framework; path = System/Library/Frameworks/CoreGraphics.framework; sourceTree = SDKROOT; };
		A3AB894C13A4D4300025FE50 /* feindura Webmaster AppTests.octest */ = {isa = PBXFileReference; explicitFileType = wrapper.cfbundle; includeInIndex = 0; path = "feindura Webmaster AppTests.octest"; sourceTree = BUILT_PRODUCTS_DIR; };
/* End PBXFileReference section */

/* Begin PBXFrameworksBuildPhase section */
		A3AB892513A4D42F0025FE50 /* Frameworks */ = {
			isa = PBXFrameworksBuildPhase;
			buildActionMask = 2147483647;
			files = (
				A362C7D114C8F78C00B64FD3 /* libz.1.2.5.dylib in Frameworks */,
				A390809913B228F700F26A6C /* Security.framework in Frameworks */,
				A3AB893113A4D42F0025FE50 /* CoreGraphics.framework in Frameworks */,
				A393671813B0A78B00ADBD73 /* MobileCoreServices.framework in Frameworks */,
				A393671613B0A78200ADBD73 /* SystemConfiguration.framework in Frameworks */,
				A393671413B0A77800ADBD73 /* CFNetwork.framework in Frameworks */,
				A3AB892D13A4D42F0025FE50 /* UIKit.framework in Frameworks */,
				A3AB892F13A4D42F0025FE50 /* Foundation.framework in Frameworks */,
			);
			runOnlyForDeploymentPostprocessing = 0;
		};
		A3AB894813A4D4300025FE50 /* Frameworks */ = {
			isa = PBXFrameworksBuildPhase;
			buildActionMask = 2147483647;
			files = (
				A3AB894D13A4D4300025FE50 /* UIKit.framework in Frameworks */,
				A3AB894E13A4D4300025FE50 /* Foundation.framework in Frameworks */,
				A3AB894F13A4D4300025FE50 /* CoreGraphics.framework in Frameworks */,
			);
			runOnlyForDeploymentPostprocessing = 0;
		};
/* End PBXFrameworksBuildPhase section */

/* Begin PBXGroup section */
		A3497BA814C9E79500234ED9 /* feindura Webmaster App */ = {
			isa = PBXGroup;
			children = (
				A3497BB614C9E79500234ED9 /* Images */,
				A3497BCA14C9E79500234ED9 /* TableViews */,
				A3497BBA14C9E79500234ED9 /* ModalViews */,
				A3497BAB14C9E79500234ED9 /* feindura_Webmaster_ToolAppDelegate.h */,
				A3497BAC14C9E79500234ED9 /* feindura_Webmaster_ToolAppDelegate.m */,
				A3497BB914C9E79500234ED9 /* MainWindow.xib */,
				A3497BBE14C9E79500234ED9 /* NavigationController.h */,
				A3497BBF14C9E79500234ED9 /* NavigationController.m */,
				A3497BAD14C9E79500234ED9 /* Helper Classes */,
				A3497BC014C9E79500234ED9 /* Supporting Files */,
				A3497BD114C9E79500234ED9 /* Thirdparty */,
			);
			path = "feindura Webmaster App";
			sourceTree = "<group>";
		};
		A3497BAD14C9E79500234ED9 /* Helper Classes */ = {
			isa = PBXGroup;
			children = (
				A3497BAE14C9E79500234ED9 /* FeinduraAccounts.h */,
				A3497BAF14C9E79500234ED9 /* FeinduraAccounts.m */,
				A3497BB014C9E79500234ED9 /* NSString+MD5.h */,
				A3497BB114C9E79500234ED9 /* NSString+MD5.m */,
				A3497BB214C9E79500234ED9 /* TableHelperClass.h */,
				A3497BB314C9E79500234ED9 /* TableHelperClass.m */,
			);
			path = "Helper Classes";
			sourceTree = "<group>";
		};
		A3497BB614C9E79500234ED9 /* Images */ = {
			isa = PBXGroup;
			children = (
				A3497C3414C9E7D800234ED9 /* Default.png */,
				A3497C3514C9E7D800234ED9 /* Default@2x.png */,
				A3497C3614C9E7D800234ED9 /* icon.png */,
				A3497C3714C9E7D800234ED9 /* icon@2x.png */,
				A3497BB714C9E79500234ED9 /* default.icon.png */,
				A3497BB814C9E79500234ED9 /* failed.icon.png */,
			);
			path = Images;
			sourceTree = "<group>";
		};
		A3497BBA14C9E79500234ED9 /* ModalViews */ = {
			isa = PBXGroup;
			children = (
				A3497BBB14C9E79500234ED9 /* FeinduraAccountViewController.h */,
				A3497BBC14C9E79500234ED9 /* FeinduraAccountViewController.m */,
				A3497BBD14C9E79500234ED9 /* FeinduraAccountViewController.xib */,
			);
			path = ModalViews;
			sourceTree = "<group>";
		};
		A3497BC014C9E79500234ED9 /* Supporting Files */ = {
			isa = PBXGroup;
			children = (
				A3497BC114C9E79500234ED9 /* Localizable.strings */,
				A3497BC414C9E79500234ED9 /* feindura Webmaster App-Info.plist */,
				A3497BC514C9E79500234ED9 /* feindura Webmaster App-Prefix.pch */,
				A3497BC714C9E79500234ED9 /* InfoPlist.strings */,
				A3497BC814C9E79500234ED9 /* main.m */,
				A3497BC914C9E79500234ED9 /* settings.plist */,
			);
			path = "Supporting Files";
			sourceTree = "<group>";
		};
		A3497BCA14C9E79500234ED9 /* TableViews */ = {
			isa = PBXGroup;
			children = (
				A3497BCB14C9E79500234ED9 /* DetailStatsViewController.h */,
				A3497BCC14C9E79500234ED9 /* DetailStatsViewController.m */,
				A3497BCD14C9E79500234ED9 /* DetailStatsViewController.xib */,
				A3497BCE14C9E79500234ED9 /* RootViewController.h */,
				A3497BCF14C9E79500234ED9 /* RootViewController.m */,
				A3497BD014C9E79500234ED9 /* RootViewController.xib */,
			);
			path = TableViews;
			sourceTree = "<group>";
		};
		A3497BD114C9E79500234ED9 /* Thirdparty */ = {
			isa = PBXGroup;
			children = (
				A3497BD214C9E79500234ED9 /* ASIhttpRequest */,
				A3497BEA14C9E79500234ED9 /* SBJson */,
				A3497C0514C9E79500234ED9 /* SFHFKeychainUtils.h */,
				A3497C0614C9E79500234ED9 /* SFHFKeychainUtils.m */,
			);
			path = Thirdparty;
			sourceTree = "<group>";
		};
		A3497BD214C9E79500234ED9 /* ASIhttpRequest */ = {
			isa = PBXGroup;
			children = (
				A3497BD314C9E79500234ED9 /* ASIAuthenticationDialog.h */,
				A3497BD414C9E79500234ED9 /* ASIAuthenticationDialog.m */,
				A3497BD514C9E79500234ED9 /* ASICacheDelegate.h */,
				A3497BD614C9E79500234ED9 /* ASIDataCompressor.h */,
				A3497BD714C9E79500234ED9 /* ASIDataCompressor.m */,
				A3497BD814C9E79500234ED9 /* ASIDataDecompressor.h */,
				A3497BD914C9E79500234ED9 /* ASIDataDecompressor.m */,
				A3497BDA14C9E79500234ED9 /* ASIDownloadCache.h */,
				A3497BDB14C9E79500234ED9 /* ASIDownloadCache.m */,
				A3497BDC14C9E79500234ED9 /* ASIFormDataRequest.h */,
				A3497BDD14C9E79500234ED9 /* ASIFormDataRequest.m */,
				A3497BDE14C9E79500234ED9 /* ASIHTTPRequest.h */,
				A3497BDF14C9E79500234ED9 /* ASIHTTPRequest.m */,
				A3497BE014C9E79500234ED9 /* ASIHTTPRequestConfig.h */,
				A3497BE114C9E79500234ED9 /* ASIHTTPRequestDelegate.h */,
				A3497BE214C9E79500234ED9 /* ASIInputStream.h */,
				A3497BE314C9E79500234ED9 /* ASIInputStream.m */,
				A3497BE414C9E79500234ED9 /* ASINetworkQueue.h */,
				A3497BE514C9E79500234ED9 /* ASINetworkQueue.m */,
				A3497BE614C9E79500234ED9 /* ASIProgressDelegate.h */,
				A3497BE714C9E79500234ED9 /* Reachability */,
			);
			path = ASIhttpRequest;
			sourceTree = "<group>";
		};
		A3497BE714C9E79500234ED9 /* Reachability */ = {
			isa = PBXGroup;
			children = (
				A3497BE814C9E79500234ED9 /* Reachability.h */,
				A3497BE914C9E79500234ED9 /* Reachability.m */,
			);
			path = Reachability;
			sourceTree = "<group>";
		};
		A3497BEA14C9E79500234ED9 /* SBJson */ = {
			isa = PBXGroup;
			children = (
				A3497BEB14C9E79500234ED9 /* JSON.h */,
				A3497BEC14C9E79500234ED9 /* NSObject+SBJson.h */,
				A3497BED14C9E79500234ED9 /* NSObject+SBJson.m */,
				A3497BEE14C9E79500234ED9 /* SBJson.h */,
				A3497BEF14C9E79500234ED9 /* SBJsonParser.h */,
				A3497BF014C9E79500234ED9 /* SBJsonParser.m */,
				A3497BF114C9E79500234ED9 /* SBJsonStreamParser.h */,
				A3497BF214C9E79500234ED9 /* SBJsonStreamParser.m */,
				A3497BF314C9E79500234ED9 /* SBJsonStreamParserAccumulator.h */,
				A3497BF414C9E79500234ED9 /* SBJsonStreamParserAccumulator.m */,
				A3497BF514C9E79500234ED9 /* SBJsonStreamParserAdapter.h */,
				A3497BF614C9E79500234ED9 /* SBJsonStreamParserAdapter.m */,
				A3497BF714C9E79500234ED9 /* SBJsonStreamParserState.h */,
				A3497BF814C9E79500234ED9 /* SBJsonStreamParserState.m */,
				A3497BF914C9E79500234ED9 /* SBJsonStreamWriter.h */,
				A3497BFA14C9E79500234ED9 /* SBJsonStreamWriter.m */,
				A3497BFB14C9E79500234ED9 /* SBJsonStreamWriterAccumulator.h */,
				A3497BFC14C9E79500234ED9 /* SBJsonStreamWriterAccumulator.m */,
				A3497BFD14C9E79500234ED9 /* SBJsonStreamWriterState.h */,
				A3497BFE14C9E79500234ED9 /* SBJsonStreamWriterState.m */,
				A3497BFF14C9E79500234ED9 /* SBJsonTokeniser.h */,
				A3497C0014C9E79500234ED9 /* SBJsonTokeniser.m */,
				A3497C0114C9E79500234ED9 /* SBJsonUTF8Stream.h */,
				A3497C0214C9E79500234ED9 /* SBJsonUTF8Stream.m */,
				A3497C0314C9E79500234ED9 /* SBJsonWriter.h */,
				A3497C0414C9E79500234ED9 /* SBJsonWriter.m */,
			);
			path = SBJson;
			sourceTree = "<group>";
		};
		A3497C4914C9E91400234ED9 /* feindura Webmaster AppTests */ = {
			isa = PBXGroup;
			children = (
				A3497C4A14C9E91400234ED9 /* feindura_Webmaster_ToolTests.h */,
				A3497C4B14C9E91400234ED9 /* feindura_Webmaster_ToolTests.m */,
				A3497C4C14C9E91400234ED9 /* Supporting Files */,
			);
			path = "feindura Webmaster AppTests";
			sourceTree = "<group>";
		};
		A3497C4C14C9E91400234ED9 /* Supporting Files */ = {
			isa = PBXGroup;
			children = (
				A3497C4D14C9E91400234ED9 /* InfoPlist.strings */,
				A3497C4F14C9E91400234ED9 /* feindura Webmaster AppTests-Info.plist */,
				A3497C5014C9E91400234ED9 /* feindura Webmaster AppTests-Prefix.pch */,
				A3497C5114C9E91400234ED9 /* InfoPlist.strings */,
			);
			path = "Supporting Files";
			sourceTree = "<group>";
		};
		A390809A13B2290500F26A6C /* SFHFKeychainUtils */ = {
			isa = PBXGroup;
			children = (
				A390809813B228F700F26A6C /* Security.framework */,
			);
			name = SFHFKeychainUtils;
			sourceTree = "<group>";
		};
		A393671C13B0BB9E00ADBD73 /* ASIHTTP Assets */ = {
			isa = PBXGroup;
			children = (
				A393671913B0A79800ADBD73 /* CoreGraphics.framework */,
				A393671713B0A78B00ADBD73 /* MobileCoreServices.framework */,
				A393671513B0A78200ADBD73 /* SystemConfiguration.framework */,
				A393671313B0A77800ADBD73 /* CFNetwork.framework */,
			);
			name = "ASIHTTP Assets";
			sourceTree = "<group>";
		};
		A3AB891D13A4D42F0025FE50 = {
			isa = PBXGroup;
			children = (
				A3497BA814C9E79500234ED9 /* feindura Webmaster App */,
				A3497C4914C9E91400234ED9 /* feindura Webmaster AppTests */,
				A3AB892B13A4D42F0025FE50 /* Frameworks */,
				A3AB892913A4D42F0025FE50 /* Products */,
				A30E74E513A4FD000026ECFF /* README.md */,
			);
			sourceTree = "<group>";
		};
		A3AB892913A4D42F0025FE50 /* Products */ = {
			isa = PBXGroup;
			children = (
				A3AB892813A4D42F0025FE50 /* feindura Webmaster App.app */,
				A3AB894C13A4D4300025FE50 /* feindura Webmaster AppTests.octest */,
			);
			name = Products;
			sourceTree = "<group>";
		};
		A3AB892B13A4D42F0025FE50 /* Frameworks */ = {
			isa = PBXGroup;
			children = (
				A362C7D014C8F78C00B64FD3 /* libz.1.2.5.dylib */,
				A390809A13B2290500F26A6C /* SFHFKeychainUtils */,
				A393671C13B0BB9E00ADBD73 /* ASIHTTP Assets */,
				A3AB892C13A4D42F0025FE50 /* UIKit.framework */,
				A3AB892E13A4D42F0025FE50 /* Foundation.framework */,
				A3AB893013A4D42F0025FE50 /* CoreGraphics.framework */,
			);
			name = Frameworks;
			sourceTree = "<group>";
		};
/* End PBXGroup section */

/* Begin PBXNativeTarget section */
		A3AB892713A4D42F0025FE50 /* feindura Webmaster App */ = {
			isa = PBXNativeTarget;
			buildConfigurationList = A3AB895F13A4D4300025FE50 /* Build configuration list for PBXNativeTarget "feindura Webmaster App" */;
			buildPhases = (
				A3AB892413A4D42F0025FE50 /* Sources */,
				A3AB892513A4D42F0025FE50 /* Frameworks */,
				A3AB892613A4D42F0025FE50 /* Resources */,
			);
			buildRules = (
			);
			dependencies = (
			);
			name = "feindura Webmaster App";
			productName = "feindura Webmaster Tool";
			productReference = A3AB892813A4D42F0025FE50 /* feindura Webmaster App.app */;
			productType = "com.apple.product-type.application";
		};
		A3AB894B13A4D4300025FE50 /* feindura Webmaster AppTests */ = {
			isa = PBXNativeTarget;
			buildConfigurationList = A3AB896213A4D4300025FE50 /* Build configuration list for PBXNativeTarget "feindura Webmaster AppTests" */;
			buildPhases = (
				A3AB894713A4D4300025FE50 /* Sources */,
				A3AB894813A4D4300025FE50 /* Frameworks */,
				A3AB894913A4D4300025FE50 /* Resources */,
				A3AB894A13A4D4300025FE50 /* ShellScript */,
			);
			buildRules = (
			);
			dependencies = (
				A3AB895113A4D4300025FE50 /* PBXTargetDependency */,
			);
			name = "feindura Webmaster AppTests";
			productName = "feindura Webmaster ToolTests";
			productReference = A3AB894C13A4D4300025FE50 /* feindura Webmaster AppTests.octest */;
			productType = "com.apple.product-type.bundle";
		};
/* End PBXNativeTarget section */

/* Begin PBXProject section */
		A3AB891F13A4D42F0025FE50 /* Project object */ = {
			isa = PBXProject;
			attributes = {
				LastUpgradeCheck = 0420;
			};
			buildConfigurationList = A3AB892213A4D42F0025FE50 /* Build configuration list for PBXProject "feindura Webmaster App" */;
			compatibilityVersion = "Xcode 3.2";
			developmentRegion = English;
			hasScannedForEncodings = 0;
			knownRegions = (
				en,
				de,
				fr,
			);
			mainGroup = A3AB891D13A4D42F0025FE50;
			productRefGroup = A3AB892913A4D42F0025FE50 /* Products */;
			projectDirPath = "";
			projectRoot = "";
			targets = (
				A3AB892713A4D42F0025FE50 /* feindura Webmaster App */,
				A3AB894B13A4D4300025FE50 /* feindura Webmaster AppTests */,
			);
		};
/* End PBXProject section */

/* Begin PBXResourcesBuildPhase section */
		A3AB892613A4D42F0025FE50 /* Resources */ = {
			isa = PBXResourcesBuildPhase;
			buildActionMask = 2147483647;
			files = (
				A30E74E613A4FD000026ECFF /* README.md in Resources */,
				A3497C0F14C9E79500234ED9 /* default.icon.png in Resources */,
				A3497C1014C9E79500234ED9 /* failed.icon.png in Resources */,
				A3497C1114C9E79500234ED9 /* MainWindow.xib in Resources */,
				A3497C1314C9E79500234ED9 /* FeinduraAccountViewController.xib in Resources */,
				A3497C1514C9E79500234ED9 /* Localizable.strings in Resources */,
				A3497C1614C9E79500234ED9 /* feindura Webmaster App-Info.plist in Resources */,
				A3497C1714C9E79500234ED9 /* InfoPlist.strings in Resources */,
				A3497C1914C9E79500234ED9 /* settings.plist in Resources */,
				A3497C1B14C9E79500234ED9 /* DetailStatsViewController.xib in Resources */,
				A3497C1D14C9E79500234ED9 /* RootViewController.xib in Resources */,
				A3497C3814C9E7D800234ED9 /* Default.png in Resources */,
				A3497C3914C9E7D800234ED9 /* Default@2x.png in Resources */,
				A3497C3A14C9E7D800234ED9 /* icon.png in Resources */,
				A3497C3B14C9E7D800234ED9 /* icon@2x.png in Resources */,
			);
			runOnlyForDeploymentPostprocessing = 0;
		};
		A3AB894913A4D4300025FE50 /* Resources */ = {
			isa = PBXResourcesBuildPhase;
			buildActionMask = 2147483647;
			files = (
				A3497C5314C9E91500234ED9 /* InfoPlist.strings in Resources */,
				A3497C5414C9E91500234ED9 /* feindura Webmaster AppTests-Info.plist in Resources */,
				A3497C5514C9E91500234ED9 /* InfoPlist.strings in Resources */,
			);
			runOnlyForDeploymentPostprocessing = 0;
		};
/* End PBXResourcesBuildPhase section */

/* Begin PBXShellScriptBuildPhase section */
		A3AB894A13A4D4300025FE50 /* ShellScript */ = {
			isa = PBXShellScriptBuildPhase;
			buildActionMask = 2147483647;
			files = (
			);
			inputPaths = (
			);
			outputPaths = (
			);
			runOnlyForDeploymentPostprocessing = 0;
			shellPath = /bin/sh;
			shellScript = "# Run the unit tests in this test bundle.\n\"${SYSTEM_DEVELOPER_DIR}/Tools/RunUnitTests\"\n";
		};
/* End PBXShellScriptBuildPhase section */

/* Begin PBXSourcesBuildPhase section */
		A3AB892413A4D42F0025FE50 /* Sources */ = {
			isa = PBXSourcesBuildPhase;
			buildActionMask = 2147483647;
			files = (
				A3497C0914C9E79500234ED9 /* feindura_Webmaster_ToolAppDelegate.m in Sources */,
				A3497C0A14C9E79500234ED9 /* FeinduraAccounts.m in Sources */,
				A3497C0B14C9E79500234ED9 /* NSString+MD5.m in Sources */,
				A3497C0C14C9E79500234ED9 /* TableHelperClass.m in Sources */,
				A3497C1214C9E79500234ED9 /* FeinduraAccountViewController.m in Sources */,
				A3497C1414C9E79500234ED9 /* NavigationController.m in Sources */,
				A3497C1814C9E79500234ED9 /* main.m in Sources */,
				A3497C1A14C9E79500234ED9 /* DetailStatsViewController.m in Sources */,
				A3497C1C14C9E79500234ED9 /* RootViewController.m in Sources */,
				A3497C1E14C9E79500234ED9 /* ASIAuthenticationDialog.m in Sources */,
				A3497C1F14C9E79500234ED9 /* ASIDataCompressor.m in Sources */,
				A3497C2014C9E79500234ED9 /* ASIDataDecompressor.m in Sources */,
				A3497C2114C9E79500234ED9 /* ASIDownloadCache.m in Sources */,
				A3497C2214C9E79500234ED9 /* ASIFormDataRequest.m in Sources */,
				A3497C2314C9E79500234ED9 /* ASIHTTPRequest.m in Sources */,
				A3497C2414C9E79500234ED9 /* ASIInputStream.m in Sources */,
				A3497C2514C9E79500234ED9 /* ASINetworkQueue.m in Sources */,
				A3497C2614C9E79500234ED9 /* Reachability.m in Sources */,
				A3497C2714C9E79500234ED9 /* NSObject+SBJson.m in Sources */,
				A3497C2814C9E79500234ED9 /* SBJsonParser.m in Sources */,
				A3497C2914C9E79500234ED9 /* SBJsonStreamParser.m in Sources */,
				A3497C2A14C9E79500234ED9 /* SBJsonStreamParserAccumulator.m in Sources */,
				A3497C2B14C9E79500234ED9 /* SBJsonStreamParserAdapter.m in Sources */,
				A3497C2C14C9E79500234ED9 /* SBJsonStreamParserState.m in Sources */,
				A3497C2D14C9E79500234ED9 /* SBJsonStreamWriter.m in Sources */,
				A3497C2E14C9E79500234ED9 /* SBJsonStreamWriterAccumulator.m in Sources */,
				A3497C2F14C9E79500234ED9 /* SBJsonStreamWriterState.m in Sources */,
				A3497C3014C9E79500234ED9 /* SBJsonTokeniser.m in Sources */,
				A3497C3114C9E79500234ED9 /* SBJsonUTF8Stream.m in Sources */,
				A3497C3214C9E79500234ED9 /* SBJsonWriter.m in Sources */,
				A3497C3314C9E79500234ED9 /* SFHFKeychainUtils.m in Sources */,
			);
			runOnlyForDeploymentPostprocessing = 0;
		};
		A3AB894713A4D4300025FE50 /* Sources */ = {
			isa = PBXSourcesBuildPhase;
			buildActionMask = 2147483647;
			files = (
				A3497C5214C9E91500234ED9 /* feindura_Webmaster_ToolTests.m in Sources */,
			);
			runOnlyForDeploymentPostprocessing = 0;
		};
/* End PBXSourcesBuildPhase section */

/* Begin PBXTargetDependency section */
		A3AB895113A4D4300025FE50 /* PBXTargetDependency */ = {
			isa = PBXTargetDependency;
			target = A3AB892713A4D42F0025FE50 /* feindura Webmaster App */;
			targetProxy = A3AB895013A4D4300025FE50 /* PBXContainerItemProxy */;
		};
/* End PBXTargetDependency section */

/* Begin PBXVariantGroup section */
		A3497BC114C9E79500234ED9 /* Localizable.strings */ = {
			isa = PBXVariantGroup;
			children = (
				A3497BC214C9E79500234ED9 /* de */,
				A3497BC314C9E79500234ED9 /* en */,
				A3497BC614C9E79500234ED9 /* fr */,
			);
			name = Localizable.strings;
			sourceTree = "<group>";
		};
		A3497C4D14C9E91400234ED9 /* InfoPlist.strings */ = {
			isa = PBXVariantGroup;
			children = (
				A3497C4E14C9E91400234ED9 /* en */,
			);
			name = InfoPlist.strings;
			sourceTree = "<group>";
		};
/* End PBXVariantGroup section */

/* Begin XCBuildConfiguration section */
		A3AB895D13A4D4300025FE50 /* Debug */ = {
			isa = XCBuildConfiguration;
			buildSettings = {
				ARCHS = "$(ARCHS_STANDARD_32_BIT)";
				"CODE_SIGN_IDENTITY[sdk=iphoneos*]" = "iPhone Developer";
				GCC_C_LANGUAGE_STANDARD = gnu99;
				GCC_OPTIMIZATION_LEVEL = 0;
				GCC_PREPROCESSOR_DEFINITIONS = DEBUG;
				GCC_SYMBOLS_PRIVATE_EXTERN = NO;
				GCC_VERSION = com.apple.compilers.llvmgcc42;
				GCC_WARN_ABOUT_RETURN_TYPE = YES;
				GCC_WARN_UNUSED_VARIABLE = YES;
				IPHONEOS_DEPLOYMENT_TARGET = 4.3;
				"PROVISIONING_PROFILE[sdk=iphoneos*]" = "";
				SDKROOT = iphoneos;
				SHARED_PRECOMPS_DIR = "$(CACHE_ROOT)/SharedPrecompiledHeaders";
			};
			name = Debug;
		};
		A3AB895E13A4D4300025FE50 /* Release */ = {
			isa = XCBuildConfiguration;
			buildSettings = {
				ARCHS = "$(ARCHS_STANDARD_32_BIT)";
				"CODE_SIGN_IDENTITY[sdk=iphoneos*]" = "iPhone Developer";
				GCC_C_LANGUAGE_STANDARD = gnu99;
				GCC_VERSION = com.apple.compilers.llvmgcc42;
				GCC_WARN_ABOUT_RETURN_TYPE = YES;
				GCC_WARN_UNUSED_VARIABLE = YES;
				IPHONEOS_DEPLOYMENT_TARGET = 4.3;
				OTHER_CFLAGS = "-DNS_BLOCK_ASSERTIONS=1";
				"PROVISIONING_PROFILE[sdk=iphoneos*]" = "";
				SDKROOT = iphoneos;
				SHARED_PRECOMPS_DIR = "$(CACHE_ROOT)/SharedPrecompiledHeaders";
			};
			name = Release;
		};
		A3AB896013A4D4300025FE50 /* Debug */ = {
			isa = XCBuildConfiguration;
			buildSettings = {
				ALWAYS_SEARCH_USER_PATHS = NO;
				COPY_PHASE_STRIP = NO;
				GCC_DYNAMIC_NO_PIC = NO;
				GCC_PRECOMPILE_PREFIX_HEADER = YES;
				GCC_PREFIX_HEADER = "feindura Webmaster App/Supporting Files/feindura Webmaster App-Prefix.pch";
				GCC_VERSION = com.apple.compilers.llvm.clang.1_0;
				INFOPLIST_FILE = "feindura Webmaster App/Supporting Files/feindura Webmaster App-Info.plist";
				PRECOMPS_INCLUDE_HEADERS_FROM_BUILT_PRODUCTS_DIR = YES;
				PRODUCT_NAME = "feindura Webmaster App";
				SCAN_ALL_SOURCE_FILES_FOR_INCLUDES = NO;
				SHARED_PRECOMPS_DIR = "$(CACHE_ROOT)/SharedPrecompiledHeaderss";
				SKIP_INSTALL = NO;
				TARGETED_DEVICE_FAMILY = 1;
				USER_HEADER_SEARCH_PATHS = "";
				VALIDATE_PRODUCT = NO;
				WRAPPER_EXTENSION = app;
			};
			name = Debug;
		};
		A3AB896113A4D4300025FE50 /* Release */ = {
			isa = XCBuildConfiguration;
			buildSettings = {
				ALWAYS_SEARCH_USER_PATHS = NO;
				COPY_PHASE_STRIP = YES;
				GCC_PRECOMPILE_PREFIX_HEADER = YES;
				GCC_PREFIX_HEADER = "feindura Webmaster App/Supporting Files/feindura Webmaster App-Prefix.pch";
				GCC_VERSION = com.apple.compilers.llvm.clang.1_0;
				INFOPLIST_FILE = "feindura Webmaster App/Supporting Files/feindura Webmaster App-Info.plist";
				PRECOMPS_INCLUDE_HEADERS_FROM_BUILT_PRODUCTS_DIR = YES;
				PRODUCT_NAME = "feindura Webmaster App";
				SCAN_ALL_SOURCE_FILES_FOR_INCLUDES = NO;
				SHARED_PRECOMPS_DIR = "$(CACHE_ROOT)/SharedPrecompiledHeaderss";
				SKIP_INSTALL = NO;
				TARGETED_DEVICE_FAMILY = 1;
				USER_HEADER_SEARCH_PATHS = "";
				VALIDATE_PRODUCT = YES;
				WRAPPER_EXTENSION = app;
			};
			name = Release;
		};
		A3AB896313A4D4300025FE50 /* Debug */ = {
			isa = XCBuildConfiguration;
			buildSettings = {
				ALWAYS_SEARCH_USER_PATHS = NO;
				BUNDLE_LOADER = "$(BUILT_PRODUCTS_DIR)/feindura Webmaster Tool.app/feindura Webmaster Tool";
				FRAMEWORK_SEARCH_PATHS = (
					"$(SDKROOT)/Developer/Library/Frameworks",
					"$(DEVELOPER_LIBRARY_DIR)/Frameworks",
				);
				GCC_PRECOMPILE_PREFIX_HEADER = YES;
				GCC_PREFIX_HEADER = "feindura Webmaster ToolTests/feindura Webmaster AppTests-Prefix.pch";
				GCC_VERSION = com.apple.compilers.llvm.clang.1_0;
				INFOPLIST_FILE = "feindura Webmaster ToolTests/feindura Webmaster AppTests-Info.plist";
				OTHER_LDFLAGS = (
					"-framework",
					SenTestingKit,
				);
				PRODUCT_NAME = "feindura Webmaster AppTests";
				SHARED_PRECOMPS_DIR = "$(CACHE_ROOT)/SharedPrecompiledHeaders";
				TEST_HOST = "$(BUNDLE_LOADER)";
				WRAPPER_EXTENSION = octest;
			};
			name = Debug;
		};
		A3AB896413A4D4300025FE50 /* Release */ = {
			isa = XCBuildConfiguration;
			buildSettings = {
				ALWAYS_SEARCH_USER_PATHS = NO;
				BUNDLE_LOADER = "$(BUILT_PRODUCTS_DIR)/feindura Webmaster Tool.app/feindura Webmaster Tool";
				FRAMEWORK_SEARCH_PATHS = (
					"$(SDKROOT)/Developer/Library/Frameworks",
					"$(DEVELOPER_LIBRARY_DIR)/Frameworks",
				);
				GCC_PRECOMPILE_PREFIX_HEADER = YES;
				GCC_PREFIX_HEADER = "feindura Webmaster ToolTests/feindura Webmaster AppTests-Prefix.pch";
				GCC_VERSION = com.apple.compilers.llvm.clang.1_0;
				INFOPLIST_FILE = "feindura Webmaster ToolTests/feindura Webmaster AppTests-Info.plist";
				OTHER_LDFLAGS = (
					"-framework",
					SenTestingKit,
				);
				PRODUCT_NAME = "feindura Webmaster AppTests";
				SHARED_PRECOMPS_DIR = "$(CACHE_ROOT)/SharedPrecompiledHeaders";
				TEST_HOST = "$(BUNDLE_LOADER)";
				WRAPPER_EXTENSION = octest;
			};
			name = Release;
		};
/* End XCBuildConfiguration section */

/* Begin XCConfigurationList section */
		A3AB892213A4D42F0025FE50 /* Build configuration list for PBXProject "feindura Webmaster App" */ = {
			isa = XCConfigurationList;
			buildConfigurations = (
				A3AB895D13A4D4300025FE50 /* Debug */,
				A3AB895E13A4D4300025FE50 /* Release */,
			);
			defaultConfigurationIsVisible = 0;
			defaultConfigurationName = Release;
		};
		A3AB895F13A4D4300025FE50 /* Build configuration list for PBXNativeTarget "feindura Webmaster App" */ = {
			isa = XCConfigurationList;
			buildConfigurations = (
				A3AB896013A4D4300025FE50 /* Debug */,
				A3AB896113A4D4300025FE50 /* Release */,
			);
			defaultConfigurationIsVisible = 0;
			defaultConfigurationName = Release;
		};
		A3AB896213A4D4300025FE50 /* Build configuration list for PBXNativeTarget "feindura Webmaster AppTests" */ = {
			isa = XCConfigurationList;
			buildConfigurations = (
				A3AB896313A4D4300025FE50 /* Debug */,
				A3AB896413A4D4300025FE50 /* Release */,
			);
			defaultConfigurationIsVisible = 0;
			defaultConfigurationName = Release;
		};
/* End XCConfigurationList section */
	};
	rootObject = A3AB891F13A4D42F0025FE50 /* Project object */;
}
